<?xml version="1.0" encoding="utf-8"?>
<Project ToolsVersion="4.0" xmlns="http://schemas.microsoft.com/developer/msbuild/2003">
  <ItemGroup>
    <Filter Include="Source Files">
      <UniqueIdentifier>{4FC737F1-C7A5-4376-A066-2A32D752A2FF}</UniqueIdentifier>
      <Extensions>cpp;c;cc;cxx;c++;cppm;ixx;def;odl;idl;hpj;bat;asm;asmx</Extensions>
    </Filter>
    <Filter Include="Header Files">
      <UniqueIdentifier>{93995380-89BD-4b04-88EB-625FBE52EBFB}</UniqueIdentifier>
      <Extensions>h;hh;hpp;hxx;h++;hm;inl;inc;ipp;xsd</Extensions>
    </Filter>
    <Filter Include="Resource Files">
      <UniqueIdentifier>{67DA6AB6-F800-4c08-8B7A-83BB121AAD01}</UniqueIdentifier>
      <Extensions>rc;ico;cur;bmp;dlg;rc2;rct;bin;rgs;gif;jpg;jpeg;jpe;resx;tiff;tif;png;wav;mfcribbon-ms</Extensions>
    </Filter>
    <Filter Include="Resource Files\Shaders">
      <UniqueIdentifier>{5baaef8f-d445-4edf-9b65-7955de4fcac7}</UniqueIdentifier>
    </Filter>
    <Filter Include="Source Files\Le_Core">
      <UniqueIdentifier>{294a42f6-5aec-492a-aa45-4cc6741c139f}</UniqueIdentifier>
    </Filter>
    <Filter Include="Source Files\Systems">
      <UniqueIdentifier>{934e6149-37b1-4609-9b2a-1009ae5b32ef}</UniqueIdentifier>
    </Filter>
    <Filter Include="Source Files\Third Party">
      <UniqueIdentifier>{e9dfcb3b-8eae-49a0-8528-bc9817930812}</UniqueIdentifier>
    </Filter>
    <Filter Include="Resource Files\Shaders\Compiled">
      <UniqueIdentifier>{3aa3ccad-a9af-40c7-9619-b0264a53c964}</UniqueIdentifier>
    </Filter>
    <Filter Include="Header Files\Systems">
      <UniqueIdentifier>{3575b9d8-4f4e-4c7c-8423-d18872c6fd70}</UniqueIdentifier>
    </Filter>
  </ItemGroup>
  <ItemGroup>
    <ClCompile Include="le_render_system_manager.hpp">
      <Filter>Header Files</Filter>
    </ClCompile>
    <ClCompile Include="le_camera.cpp">
      <Filter>Source Files\Le_Core</Filter>
    </ClCompile>
    <ClCompile Include="le_core.cpp">
      <Filter>Source Files\Le_Core</Filter>
    </ClCompile>
    <ClCompile Include="le_device.cpp">
      <Filter>Source Files\Le_Core</Filter>
    </ClCompile>
    <ClCompile Include="le_model.cpp">
      <Filter>Source Files\Le_Core</Filter>
    </ClCompile>
    <ClCompile Include="le_pipeline.cpp">
      <Filter>Source Files\Le_Core</Filter>
    </ClCompile>
    <ClCompile Include="le_render_system_manager.cpp">
      <Filter>Source Files\Le_Core</Filter>
    </ClCompile>
    <ClCompile Include="le_renderer.cpp">
      <Filter>Source Files\Le_Core</Filter>
    </ClCompile>
    <ClCompile Include="le_scene.cpp">
      <Filter>Source Files\Le_Core</Filter>
    </ClCompile>
    <ClCompile Include="le_swapchain.cpp">
      <Filter>Source Files\Le_Core</Filter>
    </ClCompile>
    <ClCompile Include="le_texture.cpp">
      <Filter>Source Files\Le_Core</Filter>
    </ClCompile>
    <ClCompile Include="le_window.cpp">
      <Filter>Source Files\Le_Core</Filter>
    </ClCompile>
    <ClCompile Include="basic_render_system.cpp">
      <Filter>Source Files\Systems</Filter>
    </ClCompile>
    <ClCompile Include="keyboard_movement_controller.cpp">
      <Filter>Source Files\Systems</Filter>
    </ClCompile>
    <ClCompile Include="stb.cpp">
      <Filter>Source Files\Third Party</Filter>
    </ClCompile>
    <ClCompile Include="main.cpp">
      <Filter>Source Files\Le_Core</Filter>
    </ClCompile>
    <ClCompile Include="le_resource_manager.cpp">
      <Filter>Source Files\Le_Core</Filter>
    </ClCompile>
    <ClCompile Include="demo_app.cpp">
      <Filter>Source Files</Filter>
    </ClCompile>
    <ClCompile Include="tiny_obj_loader.cpp">
      <Filter>Source Files\Third Party</Filter>
    </ClCompile>
    <ClCompile Include="Boid.cpp">
      <Filter>Source Files\Systems</Filter>
    </ClCompile>
    <ClCompile Include="BoidSystem.cpp">
      <Filter>Source Files\Systems</Filter>
    </ClCompile>
  </ItemGroup>
  <ItemGroup>
    <ClInclude Include="le_window.hpp">
      <Filter>Header Files</Filter>
    </ClInclude>
    <ClInclude Include="le_core.hpp">
      <Filter>Header Files</Filter>
    </ClInclude>
    <ClInclude Include="le_pipeline.hpp">
      <Filter>Header Files</Filter>
    </ClInclude>
    <ClInclude Include="le_device.hpp">
      <Filter>Header Files</Filter>
    </ClInclude>
    <ClInclude Include="le_swapchain.hpp">
      <Filter>Header Files</Filter>
    </ClInclude>
    <ClInclude Include="le_model.hpp">
      <Filter>Header Files</Filter>
    </ClInclude>
    <ClInclude Include="le_actor.hpp">
      <Filter>Header Files</Filter>
    </ClInclude>
    <ClInclude Include="le_renderer.hpp">
      <Filter>Header Files</Filter>
    </ClInclude>
    <ClInclude Include="le_camera.hpp">
      <Filter>Header Files</Filter>
    </ClInclude>
    <ClInclude Include="le_texture.hpp">
      <Filter>Header Files</Filter>
    </ClInclude>
    <ClInclude Include="i_laika_engine_app.hpp">
      <Filter>Header Files</Filter>
    </ClInclude>
    <ClInclude Include="le_scene.hpp">
      <Filter>Header Files</Filter>
    </ClInclude>
    <ClInclude Include="le_frame_info.hpp">
      <Filter>Header Files</Filter>
    </ClInclude>
    <ClInclude Include="le_resource_manager.hpp">
      <Filter>Header Files</Filter>
    </ClInclude>
    <ClInclude Include="le_utils.hpp">
      <Filter>Header Files</Filter>
    </ClInclude>
    <ClInclude Include="keyboard_movement_controller.hpp">
      <Filter>Header Files\Systems</Filter>
    </ClInclude>
    <ClInclude Include="basic_render_system.hpp">
      <Filter>Header Files\Systems</Filter>
    </ClInclude>
    <ClInclude Include="Boid.hpp">
      <Filter>Header Files\Systems</Filter>
    </ClInclude>
    <ClInclude Include="BoidSystem.hpp">
      <Filter>Header Files\Systems</Filter>
    </ClInclude>
  </ItemGroup>
  <ItemGroup>
    <None Include="compile.bat" />
    <None Include="shaders\vert_shader.spv">
      <Filter>Resource Files\Shaders\Compiled</Filter>
    </None>
    <None Include="shaders\frag_shader.spv">
      <Filter>Resource Files\Shaders\Compiled</Filter>
    </None>
  </ItemGroup>
  <ItemGroup>
    <CustomBuild Include="shaders\frag_shader.frag">
      <Filter>Resource Files\Shaders</Filter>
    </CustomBuild>
    <CustomBuild Include="shaders\vert_shader.vert">
      <Filter>Resource Files\Shaders</Filter>
    </CustomBuild>
  </ItemGroup>
</Project>